
Microsoft Visual Studio Solution File, Format Version 12.00
# Visual Studio Version 17
VisualStudioVersion = 17.11.35208.52
MinimumVisualStudioVersion = 10.0.40219.1
Project("{FAE04EC0-301F-11D3-BF4B-00C04F79EFBC}") = "EmployeeManagementSystem", "EmployeeManagementSystem\EmployeeManagementSystem.csproj", "{29731C47-08F0-4788-971B-FC12AF178F66}"
EndProject
Global
	GlobalSection(SolutionConfigurationPlatforms) = preSolution
		Debug|Any CPU = Debug|Any CPU
		Release|Any CPU = Release|Any CPU
	EndGlobalSection
	GlobalSection(ProjectConfigurationPlatforms) = postSolution
		{29731C47-08F0-4788-971B-FC12AF178F66}.Debug|Any CPU.ActiveCfg = Debug|Any CPU
		{29731C47-08F0-4788-971B-FC12AF178F66}.Debug|Any CPU.Build.0 = Debug|Any CPU
		{29731C47-08F0-4788-971B-FC12AF178F66}.Release|Any CPU.ActiveCfg = Release|Any CPU
		{29731C47-08F0-4788-971B-FC12AF178F66}.Release|Any CPU.Build.0 = Release|Any CPU
	EndGlobalSection
	GlobalSection(SolutionProperties) = preSolution
		HideSolutionNode = FALSE
	EndGlobalSection
	GlobalSection(ExtensibilityGlobals) = postSolution
		SolutionGuid = {85B219BC-53B5-4DD7-AA1A-C62AB65E56A9}
	EndGlobalSection
EndGlobal
